
Microsoft Visual Studio Solution File, Format Version 12.00
Project("{FAE04EC0-301F-11D3-BF4B-00C04F79EFBC}") = "ConsoleAppTest", "ConsoleAppTest\ConsoleAppTest.csproj", "{2728EB81-16E2-4BF3-BCA5-A30D73093FAC}"
EndProject
Global
	GlobalSection(SolutionConfigurationPlatforms) = preSolution
		Debug|Any CPU = Debug|Any CPU
		Release|Any CPU = Release|Any CPU
	EndGlobalSection
	GlobalSection(ProjectConfigurationPlatforms) = postSolution
		{2728EB81-16E2-4BF3-BCA5-A30D73093FAC}.Debug|Any CPU.ActiveCfg = Debug|Any CPU
		{2728EB81-16E2-4BF3-BCA5-A30D73093FAC}.Debug|Any CPU.Build.0 = Debug|Any CPU
		{2728EB81-16E2-4BF3-BCA5-A30D73093FAC}.Release|Any CPU.ActiveCfg = Release|Any CPU
		{2728EB81-16E2-4BF3-BCA5-A30D73093FAC}.Release|Any CPU.Build.0 = Release|Any CPU
	EndGlobalSection
EndGlobal
