
Microsoft Visual Studio Solution File, Format Version 12.00
Project("{FAE04EC0-301F-11D3-BF4B-00C04F79EFBC}") = "Task3", "Task3\Task3.csproj", "{FFF915AA-0772-4CDA-9EBF-AF7314A1B128}"
EndProject
Global
	GlobalSection(SolutionConfigurationPlatforms) = preSolution
		Debug|Any CPU = Debug|Any CPU
		Release|Any CPU = Release|Any CPU
	EndGlobalSection
	GlobalSection(ProjectConfigurationPlatforms) = postSolution
		{FFF915AA-0772-4CDA-9EBF-AF7314A1B128}.Debug|Any CPU.ActiveCfg = Debug|Any CPU
		{FFF915AA-0772-4CDA-9EBF-AF7314A1B128}.Debug|Any CPU.Build.0 = Debug|Any CPU
		{FFF915AA-0772-4CDA-9EBF-AF7314A1B128}.Release|Any CPU.ActiveCfg = Release|Any CPU
		{FFF915AA-0772-4CDA-9EBF-AF7314A1B128}.Release|Any CPU.Build.0 = Release|Any CPU
	EndGlobalSection
EndGlobal
